
Microsoft Visual Studio Solution File, Format Version 12.00
# Visual Studio Version 17
VisualStudioVersion = 17.0.31903.59
MinimumVisualStudioVersion = 10.0.40219.1
Project("{9A19103F-16F7-4668-BE54-9A1E7A4F7556}") = "LinkedList", "LinkedList\LinkedList.csproj", "{6362774A-763F-48BB-AB28-EE9194F892D0}"
EndProject
Project("{FAE04EC0-301F-11D3-BF4B-00C04F79EFBC}") = "DoubleLinkedList", "DoubleLinkedList\DoubleLinkedList.csproj", "{647FE951-328F-4B2F-B6A1-DDFA592EF91F}"
EndProject
Global
	GlobalSection(SolutionConfigurationPlatforms) = preSolution
		Debug|Any CPU = Debug|Any CPU
		Release|Any CPU = Release|Any CPU
	EndGlobalSection
	GlobalSection(ProjectConfigurationPlatforms) = postSolution
		{6362774A-763F-48BB-AB28-EE9194F892D0}.Debug|Any CPU.ActiveCfg = Debug|Any CPU
		{6362774A-763F-48BB-AB28-EE9194F892D0}.Debug|Any CPU.Build.0 = Debug|Any CPU
		{6362774A-763F-48BB-AB28-EE9194F892D0}.Release|Any CPU.ActiveCfg = Release|Any CPU
		{6362774A-763F-48BB-AB28-EE9194F892D0}.Release|Any CPU.Build.0 = Release|Any CPU
		{647FE951-328F-4B2F-B6A1-DDFA592EF91F}.Debug|Any CPU.ActiveCfg = Debug|Any CPU
		{647FE951-328F-4B2F-B6A1-DDFA592EF91F}.Debug|Any CPU.Build.0 = Debug|Any CPU
		{647FE951-328F-4B2F-B6A1-DDFA592EF91F}.Release|Any CPU.ActiveCfg = Release|Any CPU
		{647FE951-328F-4B2F-B6A1-DDFA592EF91F}.Release|Any CPU.Build.0 = Release|Any CPU
	EndGlobalSection
	GlobalSection(SolutionProperties) = preSolution
		HideSolutionNode = FALSE
	EndGlobalSection
	GlobalSection(ExtensibilityGlobals) = postSolution
		SolutionGuid = {0EECC5A2-E82F-4E71-903A-AB25BD44ECE8}
	EndGlobalSection
EndGlobal
